<?xml version="1.0" encoding="utf-8"?>
<Project ToolsVersion="4.0" xmlns="http://schemas.microsoft.com/developer/msbuild/2003">
  <ItemGroup>
    <Filter Include="來源檔案">
      <UniqueIdentifier>{4FC737F1-C7A5-4376-A066-2A32D752A2FF}</UniqueIdentifier>
      <Extensions>cpp;c;cc;cxx;c++;cppm;ixx;def;odl;idl;hpj;bat;asm;asmx</Extensions>
    </Filter>
    <Filter Include="標頭檔">
      <UniqueIdentifier>{93995380-89BD-4b04-88EB-625FBE52EBFB}</UniqueIdentifier>
      <Extensions>h;hh;hpp;hxx;h++;hm;inl;inc;ipp;xsd</Extensions>
    </Filter>
    <Filter Include="資源檔">
      <UniqueIdentifier>{67DA6AB6-F800-4c08-8B7A-83BB121AAD01}</UniqueIdentifier>
      <Extensions>rc;ico;cur;bmp;dlg;rc2;rct;bin;rgs;gif;jpg;jpeg;jpe;resx;tiff;tif;png;wav;mfcribbon-ms</Extensions>
    </Filter>
    <Filter Include="來源檔案\CPPTest">
      <UniqueIdentifier>{eec4d689-f42c-45ed-b2b5-f857c84c42cb}</UniqueIdentifier>
    </Filter>
    <Filter Include="來源檔案\Learning">
      <UniqueIdentifier>{762be756-ee7f-4e8e-9950-15c9ecc406ce}</UniqueIdentifier>
    </Filter>
    <Filter Include="標頭檔\Learning">
      <UniqueIdentifier>{e9bb268f-7e15-42a2-878f-35a3f123622d}</UniqueIdentifier>
    </Filter>
    <Filter Include="Shaders">
      <UniqueIdentifier>{cce7449a-6032-42e2-925c-330d0837c047}</UniqueIdentifier>
    </Filter>
  </ItemGroup>
  <ItemGroup>
    <ClCompile Include="Window.cpp">
      <Filter>來源檔案</Filter>
    </ClCompile>
    <ClCompile Include="CPPTest.cpp">
      <Filter>來源檔案\CPPTest</Filter>
    </ClCompile>
    <ClCompile Include="Input.cpp">
      <Filter>來源檔案\CPPTest</Filter>
    </ClCompile>
    <ClCompile Include="add.cpp">
      <Filter>來源檔案\Learning</Filter>
    </ClCompile>
    <ClCompile Include="main.cpp">
      <Filter>來源檔案\Learning</Filter>
    </ClCompile>
  </ItemGroup>
  <ItemGroup>
    <ClInclude Include="add.h">
      <Filter>標頭檔\Learning</Filter>
    </ClInclude>
    <ClInclude Include="Shader.h">
      <Filter>標頭檔</Filter>
    </ClInclude>
  </ItemGroup>
  <ItemGroup>
    <None Include="shader.vs">
      <Filter>Shaders</Filter>
    </None>
    <None Include="shader.frag">
      <Filter>Shaders</Filter>
    </None>
  </ItemGroup>
</Project>